
Microsoft Visual Studio Solution File, Format Version 12.00
# Visual Studio Version 17
VisualStudioVersion = 17.2.32630.192
MinimumVisualStudioVersion = 10.0.40219.1
Project("{9A19103F-16F7-4668-BE54-9A1E7A4F7556}") = "ExatoDigital.OpenSource.AccountModule.Domain", "ExatoDigital.OpenSource.AccountModule.Domain\ExatoDigital.OpenSource.AccountModule.Domain.csproj", "{69F5F14E-8845-4AF6-A272-C098AA77F780}"
EndProject
Project("{9A19103F-16F7-4668-BE54-9A1E7A4F7556}") = "ExatoDigital.OpenSource.AccountModule.Repository", "ExatoDigital.OpenSource.AccountModule.Repository\ExatoDigital.OpenSource.AccountModule.Repository.csproj", "{9E116C5D-02E7-4117-82DE-3207554752E6}"
EndProject
Project("{9A19103F-16F7-4668-BE54-9A1E7A4F7556}") = "ExatoDigital.OpenSource.AccountModule.Tests", "ExatoDigital.OpenSource.AccountModule.Tests\ExatoDigital.OpenSource.AccountModule.Tests.csproj", "{60B56A91-D144-43C5-BDED-636E8C2A57EA}"
EndProject
Project("{9A19103F-16F7-4668-BE54-9A1E7A4F7556}") = "ExatoDigital.OpenSource.AccountModule.Repository.PostgreSql", "ExatoDigital.OpenSource.AccountModule.Repository.PostgreSql\ExatoDigital.OpenSource.AccountModule.Repository.PostgreSql.csproj", "{B87C5A69-B4B3-4FE9-8D00-2A206ADF9F28}"
EndProject
Project("{9A19103F-16F7-4668-BE54-9A1E7A4F7556}") = "ExatoDigital.OpenSource.AccountModule.Repository.Memory", "ExatoDigital.OpenSource.AccountModule.Repository.Memory\ExatoDigital.OpenSource.AccountModule.Repository.Memory.csproj", "{D525943C-5003-4141-B305-12F03FBDEAA9}"
EndProject
Project("{9A19103F-16F7-4668-BE54-9A1E7A4F7556}") = "ExatoDigital.OpenSource.AccountModule.Core", "ExatoDigital.OpenSource.AccountModule.Core\ExatoDigital.OpenSource.AccountModule.Core.csproj", "{BAB984EE-C70E-420D-B4BD-FF3DE3452EA4}"
EndProject
Global
	GlobalSection(SolutionConfigurationPlatforms) = preSolution
		Debug|Any CPU = Debug|Any CPU
		Release|Any CPU = Release|Any CPU
		Versão 1.0|Any CPU = Versão 1.0|Any CPU
	EndGlobalSection
	GlobalSection(ProjectConfigurationPlatforms) = postSolution
		{69F5F14E-8845-4AF6-A272-C098AA77F780}.Debug|Any CPU.ActiveCfg = Debug|Any CPU
		{69F5F14E-8845-4AF6-A272-C098AA77F780}.Debug|Any CPU.Build.0 = Debug|Any CPU
		{69F5F14E-8845-4AF6-A272-C098AA77F780}.Release|Any CPU.ActiveCfg = Release|Any CPU
		{69F5F14E-8845-4AF6-A272-C098AA77F780}.Release|Any CPU.Build.0 = Release|Any CPU
		{69F5F14E-8845-4AF6-A272-C098AA77F780}.Versão 1.0|Any CPU.ActiveCfg = Release|Any CPU
		{69F5F14E-8845-4AF6-A272-C098AA77F780}.Versão 1.0|Any CPU.Build.0 = Release|Any CPU
		{9E116C5D-02E7-4117-82DE-3207554752E6}.Debug|Any CPU.ActiveCfg = Debug|Any CPU
		{9E116C5D-02E7-4117-82DE-3207554752E6}.Debug|Any CPU.Build.0 = Debug|Any CPU
		{9E116C5D-02E7-4117-82DE-3207554752E6}.Release|Any CPU.ActiveCfg = Release|Any CPU
		{9E116C5D-02E7-4117-82DE-3207554752E6}.Release|Any CPU.Build.0 = Release|Any CPU
		{9E116C5D-02E7-4117-82DE-3207554752E6}.Versão 1.0|Any CPU.ActiveCfg = Release|Any CPU
		{9E116C5D-02E7-4117-82DE-3207554752E6}.Versão 1.0|Any CPU.Build.0 = Release|Any CPU
		{60B56A91-D144-43C5-BDED-636E8C2A57EA}.Debug|Any CPU.ActiveCfg = Debug|Any CPU
		{60B56A91-D144-43C5-BDED-636E8C2A57EA}.Debug|Any CPU.Build.0 = Debug|Any CPU
		{60B56A91-D144-43C5-BDED-636E8C2A57EA}.Release|Any CPU.ActiveCfg = Release|Any CPU
		{60B56A91-D144-43C5-BDED-636E8C2A57EA}.Release|Any CPU.Build.0 = Release|Any CPU
		{60B56A91-D144-43C5-BDED-636E8C2A57EA}.Versão 1.0|Any CPU.ActiveCfg = Release|Any CPU
		{60B56A91-D144-43C5-BDED-636E8C2A57EA}.Versão 1.0|Any CPU.Build.0 = Release|Any CPU
		{B87C5A69-B4B3-4FE9-8D00-2A206ADF9F28}.Debug|Any CPU.ActiveCfg = Debug|Any CPU
		{B87C5A69-B4B3-4FE9-8D00-2A206ADF9F28}.Debug|Any CPU.Build.0 = Debug|Any CPU
		{B87C5A69-B4B3-4FE9-8D00-2A206ADF9F28}.Release|Any CPU.ActiveCfg = Release|Any CPU
		{B87C5A69-B4B3-4FE9-8D00-2A206ADF9F28}.Release|Any CPU.Build.0 = Release|Any CPU
		{B87C5A69-B4B3-4FE9-8D00-2A206ADF9F28}.Versão 1.0|Any CPU.ActiveCfg = Release|Any CPU
		{B87C5A69-B4B3-4FE9-8D00-2A206ADF9F28}.Versão 1.0|Any CPU.Build.0 = Release|Any CPU
		{D525943C-5003-4141-B305-12F03FBDEAA9}.Debug|Any CPU.ActiveCfg = Debug|Any CPU
		{D525943C-5003-4141-B305-12F03FBDEAA9}.Debug|Any CPU.Build.0 = Debug|Any CPU
		{D525943C-5003-4141-B305-12F03FBDEAA9}.Release|Any CPU.ActiveCfg = Release|Any CPU
		{D525943C-5003-4141-B305-12F03FBDEAA9}.Release|Any CPU.Build.0 = Release|Any CPU
		{D525943C-5003-4141-B305-12F03FBDEAA9}.Versão 1.0|Any CPU.ActiveCfg = Release|Any CPU
		{D525943C-5003-4141-B305-12F03FBDEAA9}.Versão 1.0|Any CPU.Build.0 = Release|Any CPU
		{BAB984EE-C70E-420D-B4BD-FF3DE3452EA4}.Debug|Any CPU.ActiveCfg = Debug|Any CPU
		{BAB984EE-C70E-420D-B4BD-FF3DE3452EA4}.Debug|Any CPU.Build.0 = Debug|Any CPU
		{BAB984EE-C70E-420D-B4BD-FF3DE3452EA4}.Release|Any CPU.ActiveCfg = Release|Any CPU
		{BAB984EE-C70E-420D-B4BD-FF3DE3452EA4}.Release|Any CPU.Build.0 = Release|Any CPU
		{BAB984EE-C70E-420D-B4BD-FF3DE3452EA4}.Versão 1.0|Any CPU.ActiveCfg = Release|Any CPU
		{BAB984EE-C70E-420D-B4BD-FF3DE3452EA4}.Versão 1.0|Any CPU.Build.0 = Release|Any CPU
	EndGlobalSection
	GlobalSection(SolutionProperties) = preSolution
		HideSolutionNode = FALSE
	EndGlobalSection
	GlobalSection(ExtensibilityGlobals) = postSolution
		SolutionGuid = {7B3CF71E-05F3-4A0A-AA68-E1C3182614D2}
	EndGlobalSection
EndGlobal
